
Microsoft Visual Studio Solution File, Format Version 12.00
# Visual Studio Version 17
VisualStudioVersion = 17.7.34031.279
MinimumVisualStudioVersion = 10.0.40219.1
Project("{9A19103F-16F7-4668-BE54-9A1E7A4F7556}") = "SMSystems.Data", "SMSystems.Data\SMSystems.Data.csproj", "{B0652D84-65C8-48FC-BC2D-0E21E94DD833}"
EndProject
Project("{9A19103F-16F7-4668-BE54-9A1E7A4F7556}") = "SMSystems.Domain", "SMSystems.Domain\SMSystems.Domain.csproj", "{77A6A25E-186D-437E-8D5B-60DBC8280DFE}"
EndProject
Project("{9A19103F-16F7-4668-BE54-9A1E7A4F7556}") = "SMSystems.Application", "SMSystems.Application\SMSystems.Application.csproj", "{31BDEF5B-5001-4F22-92F6-70F2A75BFDBC}"
EndProject
Project("{9A19103F-16F7-4668-BE54-9A1E7A4F7556}") = "SMSystems.UI", "SMSystems.UI\SMSystems.UI.csproj", "{DA3F76EF-F806-4C70-BAD7-C4E1029DD906}"
EndProject
Project("{9A19103F-16F7-4668-BE54-9A1E7A4F7556}") = "SMSystems.IoC", "SMSystems.IoC\SMSystems.IoC.csproj", "{05328860-A477-4D73-B6BF-FFC13F5F98B9}"
EndProject
Project("{9A19103F-16F7-4668-BE54-9A1E7A4F7556}") = "SMSystems.Printer", "SMSystems.Printer\SMSystems.Printer.csproj", "{7F46C687-E9EF-4E59-84FE-BDAA492B86F0}"
EndProject
Global
	GlobalSection(SolutionConfigurationPlatforms) = preSolution
		Debug|Any CPU = Debug|Any CPU
		Release|Any CPU = Release|Any CPU
	EndGlobalSection
	GlobalSection(ProjectConfigurationPlatforms) = postSolution
		{B0652D84-65C8-48FC-BC2D-0E21E94DD833}.Debug|Any CPU.ActiveCfg = Debug|Any CPU
		{B0652D84-65C8-48FC-BC2D-0E21E94DD833}.Debug|Any CPU.Build.0 = Debug|Any CPU
		{B0652D84-65C8-48FC-BC2D-0E21E94DD833}.Release|Any CPU.ActiveCfg = Release|Any CPU
		{B0652D84-65C8-48FC-BC2D-0E21E94DD833}.Release|Any CPU.Build.0 = Release|Any CPU
		{77A6A25E-186D-437E-8D5B-60DBC8280DFE}.Debug|Any CPU.ActiveCfg = Debug|Any CPU
		{77A6A25E-186D-437E-8D5B-60DBC8280DFE}.Debug|Any CPU.Build.0 = Debug|Any CPU
		{77A6A25E-186D-437E-8D5B-60DBC8280DFE}.Release|Any CPU.ActiveCfg = Release|Any CPU
		{77A6A25E-186D-437E-8D5B-60DBC8280DFE}.Release|Any CPU.Build.0 = Release|Any CPU
		{31BDEF5B-5001-4F22-92F6-70F2A75BFDBC}.Debug|Any CPU.ActiveCfg = Debug|Any CPU
		{31BDEF5B-5001-4F22-92F6-70F2A75BFDBC}.Debug|Any CPU.Build.0 = Debug|Any CPU
		{31BDEF5B-5001-4F22-92F6-70F2A75BFDBC}.Release|Any CPU.ActiveCfg = Release|Any CPU
		{31BDEF5B-5001-4F22-92F6-70F2A75BFDBC}.Release|Any CPU.Build.0 = Release|Any CPU
		{DA3F76EF-F806-4C70-BAD7-C4E1029DD906}.Debug|Any CPU.ActiveCfg = Debug|Any CPU
		{DA3F76EF-F806-4C70-BAD7-C4E1029DD906}.Debug|Any CPU.Build.0 = Debug|Any CPU
		{DA3F76EF-F806-4C70-BAD7-C4E1029DD906}.Release|Any CPU.ActiveCfg = Release|Any CPU
		{DA3F76EF-F806-4C70-BAD7-C4E1029DD906}.Release|Any CPU.Build.0 = Release|Any CPU
		{05328860-A477-4D73-B6BF-FFC13F5F98B9}.Debug|Any CPU.ActiveCfg = Debug|Any CPU
		{05328860-A477-4D73-B6BF-FFC13F5F98B9}.Debug|Any CPU.Build.0 = Debug|Any CPU
		{05328860-A477-4D73-B6BF-FFC13F5F98B9}.Release|Any CPU.ActiveCfg = Release|Any CPU
		{05328860-A477-4D73-B6BF-FFC13F5F98B9}.Release|Any CPU.Build.0 = Release|Any CPU
		{7F46C687-E9EF-4E59-84FE-BDAA492B86F0}.Debug|Any CPU.ActiveCfg = Debug|Any CPU
		{7F46C687-E9EF-4E59-84FE-BDAA492B86F0}.Debug|Any CPU.Build.0 = Debug|Any CPU
		{7F46C687-E9EF-4E59-84FE-BDAA492B86F0}.Release|Any CPU.ActiveCfg = Release|Any CPU
		{7F46C687-E9EF-4E59-84FE-BDAA492B86F0}.Release|Any CPU.Build.0 = Release|Any CPU
	EndGlobalSection
	GlobalSection(SolutionProperties) = preSolution
		HideSolutionNode = FALSE
	EndGlobalSection
	GlobalSection(ExtensibilityGlobals) = postSolution
		SolutionGuid = {1EB5C234-D768-42C4-B897-631BE17B48C8}
	EndGlobalSection
EndGlobal
